{
  "name": "tmp-pack-test",
  "version": "1.0.0",
  "lockfileVersion": 3,
  "requires": true,
  "packages": {
    "": {
      "name": "tmp-pack-test",
      "version": "1.0.0",
      "license": "ISC",
      "dependencies": {
        "clox": "file:../release-artifacts/clox-0.2.6.tgz"
      }
    },
    "node_modules/clox": {
      "version": "0.2.6",
      "resolved": "file:../release-artifacts/clox-0.2.6.tgz",
      "integrity": "sha512-G9QMDBSEj/z21tPWAcYbCqPbJKKCnvB2stOqcxFpudecMxi0zXKkOmpdFHqTO46V4Il8GnYn1AP+Uj/z9jsnQw==",
      "license": "Apache-2.0",
      "dependencies": {
        "uuidv7": "^1.0.2"
      }
    },
    "node_modules/uuidv7": {
      "version": "1.2.1",
      "resolved": "https://registry.npmjs.org/uuidv7/-/uuidv7-1.2.1.tgz",
      "integrity": "sha512-4kPkK3/XTQW9Hbm4CaqfICn+kY9LJtDVEOfgsRRra/+n2Ofg4NqzRFceAkxvQ/Ud/6BpHOPzj8cirqM7TzTN5Q==",
      "license": "Apache-2.0",
      "bin": {
        "uuidv7": "cli.js"
      }
    }
  }
}
